
Microsoft Visual Studio Solution File, Format Version 12.00
# Visual Studio Version 16
VisualStudioVersion = 16.0.30907.101
MinimumVisualStudioVersion = 10.0.40219.1
Project("{9A19103F-16F7-4668-BE54-9A1E7A4F7556}") = "Test_Interface-2", "Test_Interface-2.csproj", "{078475B7-8E88-4EF2-AED1-A2711F79034C}"
EndProject
Project("{FAE04EC0-301F-11D3-BF4B-00C04F79EFBC}") = "Test_Interface_3", "..\Test_Interface_3\Test_Interface_3.csproj", "{B2E77D72-E158-45EB-8322-FB20C5CB8739}"
EndProject
Global
	GlobalSection(SolutionConfigurationPlatforms) = preSolution
		Debug|Any CPU = Debug|Any CPU
		Release|Any CPU = Release|Any CPU
	EndGlobalSection
	GlobalSection(ProjectConfigurationPlatforms) = postSolution
		{078475B7-8E88-4EF2-AED1-A2711F79034C}.Debug|Any CPU.ActiveCfg = Debug|Any CPU
		{078475B7-8E88-4EF2-AED1-A2711F79034C}.Debug|Any CPU.Build.0 = Debug|Any CPU
		{078475B7-8E88-4EF2-AED1-A2711F79034C}.Release|Any CPU.ActiveCfg = Release|Any CPU
		{078475B7-8E88-4EF2-AED1-A2711F79034C}.Release|Any CPU.Build.0 = Release|Any CPU
		{B2E77D72-E158-45EB-8322-FB20C5CB8739}.Debug|Any CPU.ActiveCfg = Debug|Any CPU
		{B2E77D72-E158-45EB-8322-FB20C5CB8739}.Debug|Any CPU.Build.0 = Debug|Any CPU
		{B2E77D72-E158-45EB-8322-FB20C5CB8739}.Release|Any CPU.ActiveCfg = Release|Any CPU
		{B2E77D72-E158-45EB-8322-FB20C5CB8739}.Release|Any CPU.Build.0 = Release|Any CPU
	EndGlobalSection
	GlobalSection(SolutionProperties) = preSolution
		HideSolutionNode = FALSE
	EndGlobalSection
	GlobalSection(ExtensibilityGlobals) = postSolution
		SolutionGuid = {1CB9C31A-1F7E-4374-BD3B-2E42AB695544}
	EndGlobalSection
EndGlobal
