
Microsoft Visual Studio Solution File, Format Version 12.00
# Visual Studio Version 16
VisualStudioVersion = 16.0.30907.101
MinimumVisualStudioVersion = 10.0.40219.1
Project("{9A19103F-16F7-4668-BE54-9A1E7A4F7556}") = "Private_Constructor", "Private_Constructor.csproj", "{0A364390-8C78-48D4-99E9-3E8BF06E23A4}"
EndProject
Global
	GlobalSection(SolutionConfigurationPlatforms) = preSolution
		Debug|Any CPU = Debug|Any CPU
		Release|Any CPU = Release|Any CPU
	EndGlobalSection
	GlobalSection(ProjectConfigurationPlatforms) = postSolution
		{0A364390-8C78-48D4-99E9-3E8BF06E23A4}.Debug|Any CPU.ActiveCfg = Debug|Any CPU
		{0A364390-8C78-48D4-99E9-3E8BF06E23A4}.Debug|Any CPU.Build.0 = Debug|Any CPU
		{0A364390-8C78-48D4-99E9-3E8BF06E23A4}.Release|Any CPU.ActiveCfg = Release|Any CPU
		{0A364390-8C78-48D4-99E9-3E8BF06E23A4}.Release|Any CPU.Build.0 = Release|Any CPU
	EndGlobalSection
	GlobalSection(SolutionProperties) = preSolution
		HideSolutionNode = FALSE
	EndGlobalSection
	GlobalSection(ExtensibilityGlobals) = postSolution
		SolutionGuid = {B0CC9DEA-9302-4115-873E-388D2DC854C5}
	EndGlobalSection
EndGlobal
